// !$*UTF8*$!
{
	archiveVersion = 1;
	classes = {
	};
	objectVersion = 46;
	objects = {

/* Begin PBXBuildFile section */
		47C7B3061EA9A73300A05775 /* main.m in Sources */ = {isa = PBXBuildFile; fileRef = 47C7B3051EA9A73300A05775 /* main.m */; };
		47C7B3091EA9A73300A05775 /* AppDelegate.m in Sources */ = {isa = PBXBuildFile; fileRef = 47C7B3081EA9A73300A05775 /* AppDelegate.m */; };
		47C7B30C1EA9A73300A05775 /* ViewController.m in Sources */ = {isa = PBXBuildFile; fileRef = 47C7B30B1EA9A73300A05775 /* ViewController.m */; };
		47C7B30F1EA9A73300A05775 /* Main.storyboard in Resources */ = {isa = PBXBuildFile; fileRef = 47C7B30D1EA9A73300A05775 /* Main.storyboard */; };
		47C7B3111EA9A73300A05775 /* Assets.xcassets in Resources */ = {isa = PBXBuildFile; fileRef = 47C7B3101EA9A73300A05775 /* Assets.xcassets */; };
		47C7B3141EA9A73300A05775 /* LaunchScreen.storyboard in Resources */ = {isa = PBXBuildFile; fileRef = 47C7B3121EA9A73300A05775 /* LaunchScreen.storyboard */; };
/* End PBXBuildFile section */

/* Begin PBXFileReference section */
		47C7B3011EA9A73300A05775 /* A2IPNS.app */ = {isa = PBXFileReference; explicitFileType = wrapper.application; includeInIndex = 0; path = A2IPNS.app; sourceTree = BUILT_PRODUCTS_DIR; };
		47C7B3051EA9A73300A05775 /* main.m */ = {isa = PBXFileReference; lastKnownFileType = sourcecode.c.objc; path = main.m; sourceTree = "<group>"; };
		47C7B3071EA9A73300A05775 /* AppDelegate.h */ = {isa = PBXFileReference; lastKnownFileType = sourcecode.c.h; path = AppDelegate.h; sourceTree = "<group>"; };
		47C7B3081EA9A73300A05775 /* AppDelegate.m */ = {isa = PBXFileReference; lastKnownFileType = sourcecode.c.objc; path = AppDelegate.m; sourceTree = "<group>"; };
		47C7B30A1EA9A73300A05775 /* ViewController.h */ = {isa = PBXFileReference; lastKnownFileType = sourcecode.c.h; path = ViewController.h; sourceTree = "<group>"; };
		47C7B30B1EA9A73300A05775 /* ViewController.m */ = {isa = PBXFileReference; lastKnownFileType = sourcecode.c.objc; path = ViewController.m; sourceTree = "<group>"; };
		47C7B30E1EA9A73300A05775 /* Base */ = {isa = PBXFileReference; lastKnownFileType = file.storyboard; name = Base; path = Base.lproj/Main.storyboard; sourceTree = "<group>"; };
		47C7B3101EA9A73300A05775 /* Assets.xcassets */ = {isa = PBXFileReference; lastKnownFileType = folder.assetcatalog; path = Assets.xcassets; sourceTree = "<group>"; };
		47C7B3131EA9A73300A05775 /* Base */ = {isa = PBXFileReference; lastKnownFileType = file.storyboard; name = Base; path = Base.lproj/LaunchScreen.storyboard; sourceTree = "<group>"; };
		47C7B3151EA9A73300A05775 /* Info.plist */ = {isa = PBXFileReference; lastKnownFileType = text.plist.xml; path = Info.plist; sourceTree = "<group>"; };
/* End PBXFileReference section */

/* Begin PBXFrameworksBuildPhase section */
		47C7B2FE1EA9A73300A05775 /* Frameworks */ = {
			isa = PBXFrameworksBuildPhase;
			buildActionMask = 2147483647;
			files = (
			);
			runOnlyForDeploymentPostprocessing = 0;
		};
/* End PBXFrameworksBuildPhase section */

/* Begin PBXGroup section */
		47C7B2F81EA9A73300A05775 = {
			isa = PBXGroup;
			children = (
				47C7B3031EA9A73300A05775 /* A2IPNS */,
				47C7B3021EA9A73300A05775 /* Products */,
			);
			sourceTree = "<group>";
		};
		47C7B3021EA9A73300A05775 /* Products */ = {
			isa = PBXGroup;
			children = (
				47C7B3011EA9A73300A05775 /* A2IPNS.app */,
			);
			name = Products;
			sourceTree = "<group>";
		};
		47C7B3031EA9A73300A05775 /* A2IPNS */ = {
			isa = PBXGroup;
			children = (
				47C7B3071EA9A73300A05775 /* AppDelegate.h */,
				47C7B3081EA9A73300A05775 /* AppDelegate.m */,
				47C7B30A1EA9A73300A05775 /* ViewController.h */,
				47C7B30B1EA9A73300A05775 /* ViewController.m */,
				47C7B30D1EA9A73300A05775 /* Main.storyboard */,
				47C7B3101EA9A73300A05775 /* Assets.xcassets */,
				47C7B3121EA9A73300A05775 /* LaunchScreen.storyboard */,
				47C7B3151EA9A73300A05775 /* Info.plist */,
				47C7B3041EA9A73300A05775 /* Supporting Files */,
			);
			path = A2IPNS;
			sourceTree = "<group>";
		};
		47C7B3041EA9A73300A05775 /* Supporting Files */ = {
			isa = PBXGroup;
			children = (
				47C7B3051EA9A73300A05775 /* main.m */,
			);
			name = "Supporting Files";
			sourceTree = "<group>";
		};
/* End PBXGroup section */

/* Begin PBXNativeTarget section */
		47C7B3001EA9A73300A05775 /* A2IPNS */ = {
			isa = PBXNativeTarget;
			buildConfigurationList = 47C7B3181EA9A73300A05775 /* Build configuration list for PBXNativeTarget "A2IPNS" */;
			buildPhases = (
				47C7B2FD1EA9A73300A05775 /* Sources */,
				47C7B2FE1EA9A73300A05775 /* Frameworks */,
				47C7B2FF1EA9A73300A05775 /* Resources */,
			);
			buildRules = (
			);
			dependencies = (
			);
			name = A2IPNS;
			productName = A2IPNS;
			productReference = 47C7B3011EA9A73300A05775 /* A2IPNS.app */;
			productType = "com.apple.product-type.application";
		};
/* End PBXNativeTarget section */

/* Begin PBXProject section */
		47C7B2F91EA9A73300A05775 /* Project object */ = {
			isa = PBXProject;
			attributes = {
				LastUpgradeCheck = 0830;
				ORGANIZATIONNAME = bi119aTe5hXk;
				TargetAttributes = {
					47C7B3001EA9A73300A05775 = {
						CreatedOnToolsVersion = 8.3.1;
						DevelopmentTeam = HR66SGQEZ4;
						ProvisioningStyle = Automatic;
					};
				};
			};
			buildConfigurationList = 47C7B2FC1EA9A73300A05775 /* Build configuration list for PBXProject "A2IPNS" */;
			compatibilityVersion = "Xcode 3.2";
			developmentRegion = English;
			hasScannedForEncodings = 0;
			knownRegions = (
				en,
				Base,
			);
			mainGroup = 47C7B2F81EA9A73300A05775;
			productRefGroup = 47C7B3021EA9A73300A05775 /* Products */;
			projectDirPath = "";
			projectRoot = "";
			targets = (
				47C7B3001EA9A73300A05775 /* A2IPNS */,
			);
		};
/* End PBXProject section */

/* Begin PBXResourcesBuildPhase section */
		47C7B2FF1EA9A73300A05775 /* Resources */ = {
			isa = PBXResourcesBuildPhase;
			buildActionMask = 2147483647;
			files = (
				47C7B3141EA9A73300A05775 /* LaunchScreen.storyboard in Resources */,
				47C7B3111EA9A73300A05775 /* Assets.xcassets in Resources */,
				47C7B30F1EA9A73300A05775 /* Main.storyboard in Resources */,
			);
			runOnlyForDeploymentPostprocessing = 0;
		};
/* End PBXResourcesBuildPhase section */

/* Begin PBXSourcesBuildPhase section */
		47C7B2FD1EA9A73300A05775 /* Sources */ = {
			isa = PBXSourcesBuildPhase;
			buildActionMask = 2147483647;
			files = (
				47C7B30C1EA9A73300A05775 /* ViewController.m in Sources */,
				47C7B3091EA9A73300A05775 /* AppDelegate.m in Sources */,
				47C7B3061EA9A73300A05775 /* main.m in Sources */,
			);
			runOnlyForDeploymentPostprocessing = 0;
		};
/* End PBXSourcesBuildPhase section */

/* Begin PBXVariantGroup section */
		47C7B30D1EA9A73300A05775 /* Main.storyboard */ = {
			isa = PBXVariantGroup;
			children = (
				47C7B30E1EA9A73300A05775 /* Base */,
			);
			name = Main.storyboard;
			sourceTree = "<group>";
		};
		47C7B3121EA9A73300A05775 /* LaunchScreen.storyboard */ = {
			isa = PBXVariantGroup;
			children = (
				47C7B3131EA9A73300A05775 /* Base */,
			);
			name = LaunchScreen.storyboard;
			sourceTree = "<group>";
		};
/* End PBXVariantGroup section */

/* Begin XCBuildConfiguration section */
		47C7B3161EA9A73300A05775 /* Debug */ = {
			isa = XCBuildConfiguration;
			buildSettings = {
				ALWAYS_SEARCH_USER_PATHS = NO;
				CLANG_ANALYZER_NONNULL = YES;
				CLANG_ANALYZER_NUMBER_OBJECT_CONVERSION = YES_AGGRESSIVE;
				CLANG_CXX_LANGUAGE_STANDARD = "gnu++0x";
				CLANG_CXX_LIBRARY = "libc++";
				CLANG_ENABLE_MODULES = YES;
				CLANG_ENABLE_OBJC_ARC = YES;
				CLANG_WARN_BOOL_CONVERSION = YES;
				CLANG_WARN_CONSTANT_CONVERSION = YES;
				CLANG_WARN_DIRECT_OBJC_ISA_USAGE = YES_ERROR;
				CLANG_WARN_DOCUMENTATION_COMMENTS = YES;
				CLANG_WARN_EMPTY_BODY = YES;
				CLANG_WARN_ENUM_CONVERSION = YES;
				CLANG_WARN_INFINITE_RECURSION = YES;
				CLANG_WARN_INT_CONVERSION = YES;
				CLANG_WARN_OBJC_ROOT_CLASS = YES_ERROR;
				CLANG_WARN_SUSPICIOUS_MOVE = YES;
				CLANG_WARN_UNREACHABLE_CODE = YES;
				CLANG_WARN__DUPLICATE_METHOD_MATCH = YES;
				"CODE_SIGN_IDENTITY[sdk=iphoneos*]" = "iPhone Developer";
				COPY_PHASE_STRIP = NO;
				DEBUG_INFORMATION_FORMAT = dwarf;
				ENABLE_STRICT_OBJC_MSGSEND = YES;
				ENABLE_TESTABILITY = YES;
				GCC_C_LANGUAGE_STANDARD = gnu99;
				GCC_DYNAMIC_NO_PIC = NO;
				GCC_NO_COMMON_BLOCKS = YES;
				GCC_OPTIMIZATION_LEVEL = 0;
				GCC_PREPROCESSOR_DEFINITIONS = (
					"DEBUG=1",
					"$(inherited)",
				);
				GCC_WARN_64_TO_32_BIT_CONVERSION = YES;
				GCC_WARN_ABOUT_RETURN_TYPE = YES_ERROR;
				GCC_WARN_UNDECLARED_SELECTOR = YES;
				GCC_WARN_UNINITIALIZED_AUTOS = YES_AGGRESSIVE;
				GCC_WARN_UNUSED_FUNCTION = YES;
				GCC_WARN_UNUSED_VARIABLE = YES;
				IPHONEOS_DEPLOYMENT_TARGET = 10.3;
				MTL_ENABLE_DEBUG_INFO = YES;
				ONLY_ACTIVE_ARCH = YES;
				SDKROOT = iphoneos;
			};
			name = Debug;
		};
		47C7B3171EA9A73300A05775 /* Release */ = {
			isa = XCBuildConfiguration;
			buildSettings = {
				ALWAYS_SEARCH_USER_PATHS = NO;
				CLANG_ANALYZER_NONNULL = YES;
				CLANG_ANALYZER_NUMBER_OBJECT_CONVERSION = YES_AGGRESSIVE;
				CLANG_CXX_LANGUAGE_STANDARD = "gnu++0x";
				CLANG_CXX_LIBRARY = "libc++";
				CLANG_ENABLE_MODULES = YES;
				CLANG_ENABLE_OBJC_ARC = YES;
				CLANG_WARN_BOOL_CONVERSION = YES;
				CLANG_WARN_CONSTANT_CONVERSION = YES;
				CLANG_WARN_DIRECT_OBJC_ISA_USAGE = YES_ERROR;
				CLANG_WARN_DOCUMENTATION_COMMENTS = YES;
				CLANG_WARN_EMPTY_BODY = YES;
				CLANG_WARN_ENUM_CONVERSION = YES;
				CLANG_WARN_INFINITE_RECURSION = YES;
				CLANG_WARN_INT_CONVERSION = YES;
				CLANG_WARN_OBJC_ROOT_CLASS = YES_ERROR;
				CLANG_WARN_SUSPICIOUS_MOVE = YES;
				CLANG_WARN_UNREACHABLE_CODE = YES;
				CLANG_WARN__DUPLICATE_METHOD_MATCH = YES;
				"CODE_SIGN_IDENTITY[sdk=iphoneos*]" = "iPhone Developer";
				COPY_PHASE_STRIP = NO;
				DEBUG_INFORMATION_FORMAT = "dwarf-with-dsym";
				ENABLE_NS_ASSERTIONS = NO;
				ENABLE_STRICT_OBJC_MSGSEND = YES;
				GCC_C_LANGUAGE_STANDARD = gnu99;
				GCC_NO_COMMON_BLOCKS = YES;
				GCC_WARN_64_TO_32_BIT_CONVERSION = YES;
				GCC_WARN_ABOUT_RETURN_TYPE = YES_ERROR;
				GCC_WARN_UNDECLARED_SELECTOR = YES;
				GCC_WARN_UNINITIALIZED_AUTOS = YES_AGGRESSIVE;
				GCC_WARN_UNUSED_FUNCTION = YES;
				GCC_WARN_UNUSED_VARIABLE = YES;
				IPHONEOS_DEPLOYMENT_TARGET = 10.3;
				MTL_ENABLE_DEBUG_INFO = NO;
				SDKROOT = iphoneos;
				VALIDATE_PRODUCT = YES;
			};
			name = Release;
		};
		47C7B3191EA9A73300A05775 /* Debug */ = {
			isa = XCBuildConfiguration;
			buildSettings = {
				ASSETCATALOG_COMPILER_APPICON_NAME = AppIcon;
				DEVELOPMENT_TEAM = HR66SGQEZ4;
				INFOPLIST_FILE = A2IPNS/Info.plist;
				LD_RUNPATH_SEARCH_PATHS = "$(inherited) @executable_path/Frameworks";
				PRODUCT_BUNDLE_IDENTIFIER = net.bi119aTe5hXk.A2IPNS;
				PRODUCT_NAME = "$(TARGET_NAME)";
			};
			name = Debug;
		};
		47C7B31A1EA9A73300A05775 /* Release */ = {
			isa = XCBuildConfiguration;
			buildSettings = {
				ASSETCATALOG_COMPILER_APPICON_NAME = AppIcon;
				DEVELOPMENT_TEAM = HR66SGQEZ4;
				INFOPLIST_FILE = A2IPNS/Info.plist;
				LD_RUNPATH_SEARCH_PATHS = "$(inherited) @executable_path/Frameworks";
				PRODUCT_BUNDLE_IDENTIFIER = net.bi119aTe5hXk.A2IPNS;
				PRODUCT_NAME = "$(TARGET_NAME)";
			};
			name = Release;
		};
/* End XCBuildConfiguration section */

/* Begin XCConfigurationList section */
		47C7B2FC1EA9A73300A05775 /* Build configuration list for PBXProject "A2IPNS" */ = {
			isa = XCConfigurationList;
			buildConfigurations = (
				47C7B3161EA9A73300A05775 /* Debug */,
				47C7B3171EA9A73300A05775 /* Release */,
			);
			defaultConfigurationIsVisible = 0;
			defaultConfigurationName = Release;
		};
		47C7B3181EA9A73300A05775 /* Build configuration list for PBXNativeTarget "A2IPNS" */ = {
			isa = XCConfigurationList;
			buildConfigurations = (
				47C7B3191EA9A73300A05775 /* Debug */,
				47C7B31A1EA9A73300A05775 /* Release */,
			);
			defaultConfigurationIsVisible = 0;
		};
/* End XCConfigurationList section */
	};
	rootObject = 47C7B2F91EA9A73300A05775 /* Project object */;
}
